{
  "version": 4,
  "terraform_version": "1.14.0",
  "serial": 21,
  "lineage": "0c519e69-6851-1041-4dfd-2de0b5cf2d0b",
  "outputs": {
    "container_id": {
      "value": "19e68c6346137108e7de6ac0fc0cce4e1892b68d3caf633a0b2c82db3ed13ce8",
      "type": "string"
    },
    "image_id": {
      "value": "sha256:de437b5614ad7ef640175c1204414667adecd421752f7ddf3388edd063403a6enginx:latest",
      "type": "string"
    }
  },
  "resources": [
    {
      "mode": "managed",
      "type": "docker_container",
      "name": "nginx",
      "provider": "provider[\"registry.terraform.io/kreuzwerker/docker\"]",
      "instances": [
        {
          "schema_version": 2,
          "attributes": {
            "attach": false,
            "bridge": "",
            "capabilities": [],
            "cgroupns_mode": null,
            "command": [
              "nginx",
              "-g",
              "daemon off;"
            ],
            "container_logs": null,
            "container_read_refresh_timeout_milliseconds": 15000,
            "cpu_set": "",
            "cpu_shares": 0,
            "destroy_grace_seconds": null,
            "devices": [],
            "dns": null,
            "dns_opts": null,
            "dns_search": null,
            "domainname": "",
            "entrypoint": [
              "/docker-entrypoint.sh"
            ],
            "env": [],
            "exit_code": null,
            "gpus": null,
            "group_add": null,
            "healthcheck": null,
            "host": [],
            "hostname": "19e68c634613",
            "id": "19e68c6346137108e7de6ac0fc0cce4e1892b68d3caf633a0b2c82db3ed13ce8",
            "image": "sha256:de437b5614ad7ef640175c1204414667adecd421752f7ddf3388edd063403a6e",
            "init": false,
            "ipc_mode": "private",
            "labels": [],
            "log_driver": "json-file",
            "log_opts": null,
            "logs": false,
            "max_retry_count": 0,
            "memory": 0,
            "memory_swap": 0,
            "mounts": [],
            "must_run": true,
            "name": "ExampleNginxContainer",
            "network_data": [
              {
                "gateway": "172.17.0.1",
                "global_ipv6_address": "",
                "global_ipv6_prefix_length": 0,
                "ip_address": "172.17.0.2",
                "ip_prefix_length": 16,
                "ipv6_gateway": "",
                "mac_address": "e2:43:06:a7:88:16",
                "network_name": "bridge"
              }
            ],
            "network_mode": "bridge",
            "networks_advanced": [],
            "pid_mode": "",
            "ports": [
              {
                "external": 8080,
                "internal": 80,
                "ip": "0.0.0.0",
                "protocol": "tcp"
              }
            ],
            "privileged": false,
            "publish_all_ports": false,
            "read_only": false,
            "remove_volumes": true,
            "restart": "no",
            "rm": false,
            "runtime": "runc",
            "security_opts": [],
            "shm_size": 64,
            "start": true,
            "stdin_open": false,
            "stop_signal": "SIGQUIT",
            "stop_timeout": 0,
            "storage_opts": null,
            "sysctls": null,
            "tmpfs": null,
            "tty": false,
            "ulimit": [],
            "upload": [],
            "user": "",
            "userns_mode": "",
            "volumes": [],
            "wait": false,
            "wait_timeout": 60,
            "working_dir": ""
          },
          "sensitive_attributes": [],
          "identity_schema_version": 0,
          "private": "eyJzY2hlbWFfdmVyc2lvbiI6IjIifQ==",
          "dependencies": [
            "docker_image.nginx"
          ]
        }
      ]
    },
    {
      "mode": "managed",
      "type": "docker_image",
      "name": "nginx",
      "provider": "provider[\"registry.terraform.io/kreuzwerker/docker\"]",
      "instances": [
        {
          "schema_version": 0,
          "attributes": {
            "build": [],
            "force_remove": null,
            "id": "sha256:de437b5614ad7ef640175c1204414667adecd421752f7ddf3388edd063403a6enginx:latest",
            "image_id": "sha256:de437b5614ad7ef640175c1204414667adecd421752f7ddf3388edd063403a6e",
            "keep_locally": false,
            "name": "nginx:latest",
            "platform": null,
            "pull_triggers": null,
            "repo_digest": "nginx@sha256:fb01117203ff38c2f9af91db1a7409459182a37c87cced5cb442d1d8fcc66d19",
            "triggers": null
          },
          "sensitive_attributes": [],
          "identity_schema_version": 0,
          "private": "bnVsbA=="
        }
      ]
    }
  ],
  "check_results": null
}
